
Microsoft Visual Studio Solution File, Format Version 12.00
# Visual Studio 15
VisualStudioVersion = 15.0.28307.1525
MinimumVisualStudioVersion = 10.0.40219.1
Project("{FAE04EC0-301F-11D3-BF4B-00C04F79EFBC}") = "CommonWinfromAccomplish", "CommonWinfromAccomplish\CommonWinfromAccomplish.csproj", "{A7537948-D3F4-4956-B158-782F1DBF90AE}"
EndProject
Project("{FAE04EC0-301F-11D3-BF4B-00C04F79EFBC}") = "MinimizeSystemTray", "MinimizeSystemTray\MinimizeSystemTray.csproj", "{545F5377-6420-42A6-BE62-688693418153}"
EndProject
Project("{FAE04EC0-301F-11D3-BF4B-00C04F79EFBC}") = "Notifications", "Notifications\Notifications.csproj", "{3BA7DDEB-C6C6-40C7-9701-AD76190D1982}"
EndProject
Project("{FAE04EC0-301F-11D3-BF4B-00C04F79EFBC}") = "StartWithPC", "StartWithPC\StartWithPC.csproj", "{9D46CAB6-ECD6-4E6B-932F-D52DB2B64529}"
EndProject
Project("{FAE04EC0-301F-11D3-BF4B-00C04F79EFBC}") = "StartWithPCLibNoAdmin", "StartWithPCLibNoAdmin\StartWithPCLibNoAdmin.csproj", "{E6675227-655A-449D-95CF-FA9FB166CDB1}"
EndProject
Project("{FAE04EC0-301F-11D3-BF4B-00C04F79EFBC}") = "StartWitchPCLibAdmin", "StartWitchPCLibAdmin\StartWitchPCLibAdmin.csproj", "{428C9948-52AD-4E5F-B167-9F69B3209E7D}"
EndProject
Project("{FAE04EC0-301F-11D3-BF4B-00C04F79EFBC}") = "RigthTopButton", "RigthTopButton\RigthTopButton.csproj", "{915EA91E-E919-4DD3-B2BD-055998614957}"
EndProject
Global
	GlobalSection(SolutionConfigurationPlatforms) = preSolution
		Debug|Any CPU = Debug|Any CPU
		Release|Any CPU = Release|Any CPU
	EndGlobalSection
	GlobalSection(ProjectConfigurationPlatforms) = postSolution
		{A7537948-D3F4-4956-B158-782F1DBF90AE}.Debug|Any CPU.ActiveCfg = Debug|Any CPU
		{A7537948-D3F4-4956-B158-782F1DBF90AE}.Debug|Any CPU.Build.0 = Debug|Any CPU
		{A7537948-D3F4-4956-B158-782F1DBF90AE}.Release|Any CPU.ActiveCfg = Release|Any CPU
		{A7537948-D3F4-4956-B158-782F1DBF90AE}.Release|Any CPU.Build.0 = Release|Any CPU
		{545F5377-6420-42A6-BE62-688693418153}.Debug|Any CPU.ActiveCfg = Debug|Any CPU
		{545F5377-6420-42A6-BE62-688693418153}.Debug|Any CPU.Build.0 = Debug|Any CPU
		{545F5377-6420-42A6-BE62-688693418153}.Release|Any CPU.ActiveCfg = Release|Any CPU
		{545F5377-6420-42A6-BE62-688693418153}.Release|Any CPU.Build.0 = Release|Any CPU
		{3BA7DDEB-C6C6-40C7-9701-AD76190D1982}.Debug|Any CPU.ActiveCfg = Debug|Any CPU
		{3BA7DDEB-C6C6-40C7-9701-AD76190D1982}.Debug|Any CPU.Build.0 = Debug|Any CPU
		{3BA7DDEB-C6C6-40C7-9701-AD76190D1982}.Release|Any CPU.ActiveCfg = Release|Any CPU
		{3BA7DDEB-C6C6-40C7-9701-AD76190D1982}.Release|Any CPU.Build.0 = Release|Any CPU
		{9D46CAB6-ECD6-4E6B-932F-D52DB2B64529}.Debug|Any CPU.ActiveCfg = Debug|Any CPU
		{9D46CAB6-ECD6-4E6B-932F-D52DB2B64529}.Debug|Any CPU.Build.0 = Debug|Any CPU
		{9D46CAB6-ECD6-4E6B-932F-D52DB2B64529}.Release|Any CPU.ActiveCfg = Release|Any CPU
		{9D46CAB6-ECD6-4E6B-932F-D52DB2B64529}.Release|Any CPU.Build.0 = Release|Any CPU
		{E6675227-655A-449D-95CF-FA9FB166CDB1}.Debug|Any CPU.ActiveCfg = Debug|Any CPU
		{E6675227-655A-449D-95CF-FA9FB166CDB1}.Debug|Any CPU.Build.0 = Debug|Any CPU
		{E6675227-655A-449D-95CF-FA9FB166CDB1}.Release|Any CPU.ActiveCfg = Release|Any CPU
		{E6675227-655A-449D-95CF-FA9FB166CDB1}.Release|Any CPU.Build.0 = Release|Any CPU
		{428C9948-52AD-4E5F-B167-9F69B3209E7D}.Debug|Any CPU.ActiveCfg = Debug|Any CPU
		{428C9948-52AD-4E5F-B167-9F69B3209E7D}.Debug|Any CPU.Build.0 = Debug|Any CPU
		{428C9948-52AD-4E5F-B167-9F69B3209E7D}.Release|Any CPU.ActiveCfg = Release|Any CPU
		{428C9948-52AD-4E5F-B167-9F69B3209E7D}.Release|Any CPU.Build.0 = Release|Any CPU
		{915EA91E-E919-4DD3-B2BD-055998614957}.Debug|Any CPU.ActiveCfg = Debug|Any CPU
		{915EA91E-E919-4DD3-B2BD-055998614957}.Debug|Any CPU.Build.0 = Debug|Any CPU
		{915EA91E-E919-4DD3-B2BD-055998614957}.Release|Any CPU.ActiveCfg = Release|Any CPU
		{915EA91E-E919-4DD3-B2BD-055998614957}.Release|Any CPU.Build.0 = Release|Any CPU
	EndGlobalSection
	GlobalSection(SolutionProperties) = preSolution
		HideSolutionNode = FALSE
	EndGlobalSection
	GlobalSection(ExtensibilityGlobals) = postSolution
		SolutionGuid = {7196056F-9EEC-4E68-9D5E-D7D197E35299}
	EndGlobalSection
EndGlobal
